
Microsoft Visual Studio Solution File, Format Version 12.00
# Visual Studio Version 16
VisualStudioVersion = 16.0.32802.440
MinimumVisualStudioVersion = 10.0.40219.1
Project("{FAE04EC0-301F-11D3-BF4B-00C04F79EFBC}") = "Snake", "Snake\Snake.csproj", "{6B8519DB-320E-4CDA-AD39-85A58D241952}"
EndProject
Global
	GlobalSection(SolutionConfigurationPlatforms) = preSolution
		Debug|Any CPU = Debug|Any CPU
		Release|Any CPU = Release|Any CPU
	EndGlobalSection
	GlobalSection(ProjectConfigurationPlatforms) = postSolution
		{6B8519DB-320E-4CDA-AD39-85A58D241952}.Debug|Any CPU.ActiveCfg = Debug|Any CPU
		{6B8519DB-320E-4CDA-AD39-85A58D241952}.Debug|Any CPU.Build.0 = Debug|Any CPU
		{6B8519DB-320E-4CDA-AD39-85A58D241952}.Release|Any CPU.ActiveCfg = Release|Any CPU
		{6B8519DB-320E-4CDA-AD39-85A58D241952}.Release|Any CPU.Build.0 = Release|Any CPU
	EndGlobalSection
	GlobalSection(SolutionProperties) = preSolution
		HideSolutionNode = FALSE
	EndGlobalSection
	GlobalSection(ExtensibilityGlobals) = postSolution
		SolutionGuid = {9A2FF94E-6280-458A-B4A0-3AB41FD68D68}
	EndGlobalSection
EndGlobal
